
Microsoft Visual Studio Solution File, Format Version 12.00
# Visual Studio 15
VisualStudioVersion = 15.0.28307.271
MinimumVisualStudioVersion = 10.0.40219.1
Project("{9A19103F-16F7-4668-BE54-9A1E7A4F7556}") = "UserRoleManager_Core", "UserRoleManager\UserRoleManager_Core.csproj", "{59610BE3-C7BE-41E0-87FC-9677A5A26D8C}"
EndProject
Project("{FAE04EC0-301F-11D3-BF4B-00C04F79EFBC}") = "UserRoleManger_Mvc_UI", "UserRoleManger_Mvc_UI\UserRoleManger_Mvc_UI.csproj", "{E9BFBFF8-1E12-4A68-928D-79B5592EF049}"
EndProject
Global
	GlobalSection(SolutionConfigurationPlatforms) = preSolution
		Debug|Any CPU = Debug|Any CPU
		Release|Any CPU = Release|Any CPU
	EndGlobalSection
	GlobalSection(ProjectConfigurationPlatforms) = postSolution
		{59610BE3-C7BE-41E0-87FC-9677A5A26D8C}.Debug|Any CPU.ActiveCfg = Debug|Any CPU
		{59610BE3-C7BE-41E0-87FC-9677A5A26D8C}.Debug|Any CPU.Build.0 = Debug|Any CPU
		{59610BE3-C7BE-41E0-87FC-9677A5A26D8C}.Release|Any CPU.ActiveCfg = Release|Any CPU
		{59610BE3-C7BE-41E0-87FC-9677A5A26D8C}.Release|Any CPU.Build.0 = Release|Any CPU
		{E9BFBFF8-1E12-4A68-928D-79B5592EF049}.Debug|Any CPU.ActiveCfg = Debug|Any CPU
		{E9BFBFF8-1E12-4A68-928D-79B5592EF049}.Debug|Any CPU.Build.0 = Debug|Any CPU
		{E9BFBFF8-1E12-4A68-928D-79B5592EF049}.Release|Any CPU.ActiveCfg = Release|Any CPU
		{E9BFBFF8-1E12-4A68-928D-79B5592EF049}.Release|Any CPU.Build.0 = Release|Any CPU
	EndGlobalSection
	GlobalSection(SolutionProperties) = preSolution
		HideSolutionNode = FALSE
	EndGlobalSection
	GlobalSection(ExtensibilityGlobals) = postSolution
		SolutionGuid = {430847CC-3A3D-43FF-9137-39C8955A7DD0}
	EndGlobalSection
EndGlobal
